{
  "name": "asynccommtest",
  "version": "0.0.1",
  "lockfileVersion": 1,
  "requires": true,
  "dependencies": {
    "asyncommun": {
      "version": "git+https://github.com/ellementul/AsyncCommun.git#8f569c48a672ede7f64d39fd203f7515ef784d78",
      "from": "git+https://github.com/ellementul/AsyncCommun.git"
    },
    "typesjs": {
      "version": "git+https://github.com/ellementul/typesjs.git#69675aad0c60413179a760c6b8e1f9afdb1debae",
      "from": "git+https://github.com/ellementul/typesjs.git",
      "dev": true
    }
  }
}
